
Microsoft Visual Studio Solution File, Format Version 12.00
# Visual Studio 15
VisualStudioVersion = 15.0.28307.102
MinimumVisualStudioVersion = 10.0.40219.1
Project("{8BC9CEB8-8B4A-11D0-8D11-00A0C91BC942}") = "09Kochmar", "09Kochmar\09Kochmar.vcxproj", "{F5E68491-31C9-4C68-B786-171B9A602F23}"
EndProject
Global
	GlobalSection(SolutionConfigurationPlatforms) = preSolution
		Debug|x64 = Debug|x64
		Debug|x86 = Debug|x86
		Release|x64 = Release|x64
		Release|x86 = Release|x86
	EndGlobalSection
	GlobalSection(ProjectConfigurationPlatforms) = postSolution
		{F5E68491-31C9-4C68-B786-171B9A602F23}.Debug|x64.ActiveCfg = Debug|x64
		{F5E68491-31C9-4C68-B786-171B9A602F23}.Debug|x64.Build.0 = Debug|x64
		{F5E68491-31C9-4C68-B786-171B9A602F23}.Debug|x86.ActiveCfg = Debug|Win32
		{F5E68491-31C9-4C68-B786-171B9A602F23}.Debug|x86.Build.0 = Debug|Win32
		{F5E68491-31C9-4C68-B786-171B9A602F23}.Release|x64.ActiveCfg = Release|x64
		{F5E68491-31C9-4C68-B786-171B9A602F23}.Release|x64.Build.0 = Release|x64
		{F5E68491-31C9-4C68-B786-171B9A602F23}.Release|x86.ActiveCfg = Release|Win32
		{F5E68491-31C9-4C68-B786-171B9A602F23}.Release|x86.Build.0 = Release|Win32
	EndGlobalSection
	GlobalSection(SolutionProperties) = preSolution
		HideSolutionNode = FALSE
	EndGlobalSection
	GlobalSection(ExtensibilityGlobals) = postSolution
		SolutionGuid = {2433C90C-D7FE-4FC6-BAB0-96974C05D172}
	EndGlobalSection
EndGlobal
